
Microsoft Visual Studio Solution File, Format Version 12.00
# Visual Studio Version 17
VisualStudioVersion = 17.5.33103.201
MinimumVisualStudioVersion = 10.0.40219.1
Project("{F184B08F-C81C-45F6-A57F-5ABD9991F28F}") = "WinFormsDependancyInjectionTestApp", "src\WinFormsDependancyInjectionTestApp\WinFormsDependancyInjectionTestApp.vbproj", "{ABA9227B-7663-4EA3-A9B1-ABB81910B662}"
EndProject
Project("{F184B08F-C81C-45F6-A57F-5ABD9991F28F}") = "Repository", "src\Repository\Repository.vbproj", "{1B5F22D6-0C8B-4934-99E5-A66BA3498D75}"
EndProject
Project("{9A19103F-16F7-4668-BE54-9A1E7A4F7556}") = "CSharp.Repository", "src\CSharp.Repository\CSharp.Repository.csproj", "{081C2A91-F5A4-48F5-88CE-C49940CF19A8}"
EndProject
Project("{9A19103F-16F7-4668-BE54-9A1E7A4F7556}") = "CSharp.TestApp", "src\CSharp.TestApp\CSharp.TestApp.csproj", "{91DE0026-8CEC-4CC6-A363-C0FA613693EC}"
EndProject
Project("{F184B08F-C81C-45F6-A57F-5ABD9991F28F}") = "VB.TestApp", "src\VB.TestApp\VB.TestApp.vbproj", "{08BF7B91-A67C-44D6-A27B-8830750D8F9E}"
EndProject
Project("{F184B08F-C81C-45F6-A57F-5ABD9991F28F}") = "VB.Repository", "src\VB.Repository\VB.Repository.vbproj", "{E0D896FA-5741-40F3-A1B5-0E807E680B15}"
EndProject
Global
	GlobalSection(SolutionConfigurationPlatforms) = preSolution
		Debug|Any CPU = Debug|Any CPU
		Release|Any CPU = Release|Any CPU
	EndGlobalSection
	GlobalSection(ProjectConfigurationPlatforms) = postSolution
		{ABA9227B-7663-4EA3-A9B1-ABB81910B662}.Debug|Any CPU.ActiveCfg = Debug|Any CPU
		{ABA9227B-7663-4EA3-A9B1-ABB81910B662}.Debug|Any CPU.Build.0 = Debug|Any CPU
		{ABA9227B-7663-4EA3-A9B1-ABB81910B662}.Release|Any CPU.ActiveCfg = Release|Any CPU
		{ABA9227B-7663-4EA3-A9B1-ABB81910B662}.Release|Any CPU.Build.0 = Release|Any CPU
		{1B5F22D6-0C8B-4934-99E5-A66BA3498D75}.Debug|Any CPU.ActiveCfg = Debug|Any CPU
		{1B5F22D6-0C8B-4934-99E5-A66BA3498D75}.Debug|Any CPU.Build.0 = Debug|Any CPU
		{1B5F22D6-0C8B-4934-99E5-A66BA3498D75}.Release|Any CPU.ActiveCfg = Release|Any CPU
		{1B5F22D6-0C8B-4934-99E5-A66BA3498D75}.Release|Any CPU.Build.0 = Release|Any CPU
		{081C2A91-F5A4-48F5-88CE-C49940CF19A8}.Debug|Any CPU.ActiveCfg = Debug|Any CPU
		{081C2A91-F5A4-48F5-88CE-C49940CF19A8}.Debug|Any CPU.Build.0 = Debug|Any CPU
		{081C2A91-F5A4-48F5-88CE-C49940CF19A8}.Release|Any CPU.ActiveCfg = Release|Any CPU
		{081C2A91-F5A4-48F5-88CE-C49940CF19A8}.Release|Any CPU.Build.0 = Release|Any CPU
		{91DE0026-8CEC-4CC6-A363-C0FA613693EC}.Debug|Any CPU.ActiveCfg = Debug|Any CPU
		{91DE0026-8CEC-4CC6-A363-C0FA613693EC}.Debug|Any CPU.Build.0 = Debug|Any CPU
		{91DE0026-8CEC-4CC6-A363-C0FA613693EC}.Release|Any CPU.ActiveCfg = Release|Any CPU
		{91DE0026-8CEC-4CC6-A363-C0FA613693EC}.Release|Any CPU.Build.0 = Release|Any CPU
		{08BF7B91-A67C-44D6-A27B-8830750D8F9E}.Debug|Any CPU.ActiveCfg = Debug|Any CPU
		{08BF7B91-A67C-44D6-A27B-8830750D8F9E}.Debug|Any CPU.Build.0 = Debug|Any CPU
		{08BF7B91-A67C-44D6-A27B-8830750D8F9E}.Release|Any CPU.ActiveCfg = Release|Any CPU
		{08BF7B91-A67C-44D6-A27B-8830750D8F9E}.Release|Any CPU.Build.0 = Release|Any CPU
		{E0D896FA-5741-40F3-A1B5-0E807E680B15}.Debug|Any CPU.ActiveCfg = Debug|Any CPU
		{E0D896FA-5741-40F3-A1B5-0E807E680B15}.Debug|Any CPU.Build.0 = Debug|Any CPU
		{E0D896FA-5741-40F3-A1B5-0E807E680B15}.Release|Any CPU.ActiveCfg = Release|Any CPU
		{E0D896FA-5741-40F3-A1B5-0E807E680B15}.Release|Any CPU.Build.0 = Release|Any CPU
	EndGlobalSection
	GlobalSection(SolutionProperties) = preSolution
		HideSolutionNode = FALSE
	EndGlobalSection
	GlobalSection(ExtensibilityGlobals) = postSolution
		SolutionGuid = {DD83C314-FC8C-4ACF-A8E2-90CD2063C5AB}
	EndGlobalSection
EndGlobal
